{
  "name": "mp-weixin",
  "lockfileVersion": 3,
  "requires": true,
  "packages": {
    "": {
      "dependencies": {
        "@vant/weapp": "^1.10.21",
        "blueimp-md5": "^2.19.0"
      },
      "devDependencies": {
        "miniprogram-api-typings": "^3.10.0"
      }
    },
    "node_modules/@vant/weapp": {
      "version": "1.10.21",
      "resolved": "https://mvn.pupuvip.com/repository/npm-group/@vant/weapp/-/weapp-1.10.21.tgz",
      "integrity": "sha512-U/yjHDUGEk/Pg+PJ4spEedKCIH0xPZd2gV15QiLUR3tmlXUNGVAIgU8Mv6NsvFd8Aq7mQuah9xa2A3jtpzbk+g==",
      "license": "MIT"
    },
    "node_modules/blueimp-md5": {
      "version": "2.19.0",
      "resolved": "https://mvn.pupuvip.com/repository/npm-group/blueimp-md5/-/blueimp-md5-2.19.0.tgz",
      "integrity": "sha512-DRQrD6gJyy8FbiE4s+bDoXS9hiW3Vbx5uCdwvcCf3zLHL+Iv7LtGHLpr+GZV8rHG8tK766FGYBwRbu8pELTt+w==",
      "license": "MIT"
    },
    "node_modules/miniprogram-api-typings": {
      "version": "3.10.0",
      "resolved": "https://mvn.pupuvip.com/repository/npm-group/miniprogram-api-typings/-/miniprogram-api-typings-3.10.0.tgz",
      "integrity": "sha512-pvGZmj9uamahlqfPj1bwn5Cd/bjImc5ehyAha/QfA9limG6HO9Plj/yROfSChK6J6+VUoVB9cnNthx4XuI0T2Q==",
      "dev": true,
      "license": "MIT"
    }
  }
}
